
Microsoft Visual Studio Solution File, Format Version 12.00
# Visual Studio Version 17
VisualStudioVersion = 17.4.33213.308
MinimumVisualStudioVersion = 10.0.40219.1
Project("{FAE04EC0-301F-11D3-BF4B-00C04F79EFBC}") = "AccountingStudentData", "AccountingStudentData.csproj", "{4F38719E-FD76-4738-89DD-57657F82B4EA}"
EndProject
Global
	GlobalSection(SolutionConfigurationPlatforms) = preSolution
		Debug|Any CPU = Debug|Any CPU
		Release|Any CPU = Release|Any CPU
	EndGlobalSection
	GlobalSection(ProjectConfigurationPlatforms) = postSolution
		{4F38719E-FD76-4738-89DD-57657F82B4EA}.Debug|Any CPU.ActiveCfg = Debug|Any CPU
		{4F38719E-FD76-4738-89DD-57657F82B4EA}.Debug|Any CPU.Build.0 = Debug|Any CPU
		{4F38719E-FD76-4738-89DD-57657F82B4EA}.Release|Any CPU.ActiveCfg = Release|Any CPU
		{4F38719E-FD76-4738-89DD-57657F82B4EA}.Release|Any CPU.Build.0 = Release|Any CPU
	EndGlobalSection
	GlobalSection(SolutionProperties) = preSolution
		HideSolutionNode = FALSE
	EndGlobalSection
	GlobalSection(ExtensibilityGlobals) = postSolution
		SolutionGuid = {D774B375-75B8-4719-87FE-665B2F77F303}
	EndGlobalSection
EndGlobal
